
Microsoft Visual Studio Solution File, Format Version 12.00
# Visual Studio 15
VisualStudioVersion = 15.0.26124.0
MinimumVisualStudioVersion = 15.0.26124.0
Project("{9A19103F-16F7-4668-BE54-9A1E7A4F7556}") = "TaintAnalysis", "TaintAnalysis\TaintAnalysis.csproj", "{FB6B782B-873E-4D68-8294-4E8257B7F25A}"
EndProject
Global
	GlobalSection(SolutionConfigurationPlatforms) = preSolution
		Debug|Any CPU = Debug|Any CPU
		Debug|x64 = Debug|x64
		Debug|x86 = Debug|x86
		Release|Any CPU = Release|Any CPU
		Release|x64 = Release|x64
		Release|x86 = Release|x86
	EndGlobalSection
	GlobalSection(ProjectConfigurationPlatforms) = postSolution
		{FB6B782B-873E-4D68-8294-4E8257B7F25A}.Debug|Any CPU.ActiveCfg = Debug|Any CPU
		{FB6B782B-873E-4D68-8294-4E8257B7F25A}.Debug|Any CPU.Build.0 = Debug|Any CPU
		{FB6B782B-873E-4D68-8294-4E8257B7F25A}.Debug|x64.ActiveCfg = Debug|Any CPU
		{FB6B782B-873E-4D68-8294-4E8257B7F25A}.Debug|x64.Build.0 = Debug|Any CPU
		{FB6B782B-873E-4D68-8294-4E8257B7F25A}.Debug|x86.ActiveCfg = Debug|Any CPU
		{FB6B782B-873E-4D68-8294-4E8257B7F25A}.Debug|x86.Build.0 = Debug|Any CPU
		{FB6B782B-873E-4D68-8294-4E8257B7F25A}.Release|Any CPU.ActiveCfg = Release|Any CPU
		{FB6B782B-873E-4D68-8294-4E8257B7F25A}.Release|Any CPU.Build.0 = Release|Any CPU
		{FB6B782B-873E-4D68-8294-4E8257B7F25A}.Release|x64.ActiveCfg = Release|Any CPU
		{FB6B782B-873E-4D68-8294-4E8257B7F25A}.Release|x64.Build.0 = Release|Any CPU
		{FB6B782B-873E-4D68-8294-4E8257B7F25A}.Release|x86.ActiveCfg = Release|Any CPU
		{FB6B782B-873E-4D68-8294-4E8257B7F25A}.Release|x86.Build.0 = Release|Any CPU
	EndGlobalSection
	GlobalSection(SolutionProperties) = preSolution
		HideSolutionNode = FALSE
	EndGlobalSection
	GlobalSection(ExtensibilityGlobals) = postSolution
		SolutionGuid = {25A9B13C-EF95-4980-9DEF-F6524F799E28}
	EndGlobalSection
EndGlobal
